
Microsoft Visual Studio Solution File, Format Version 12.00
# Visual Studio Version 16
VisualStudioVersion = 16.0.30204.135
MinimumVisualStudioVersion = 10.0.40219.1
Project("{FAE04EC0-301F-11D3-BF4B-00C04F79EFBC}") = "2.1.1. CUSTOM STRING", "2.1.1. CUSTOM STRING\2.1.1. CUSTOM STRING.csproj", "{3AB1D8B2-8EC8-4378-910D-2300053A922B}"
EndProject
Project("{FAE04EC0-301F-11D3-BF4B-00C04F79EFBC}") = "2.1.2. CUSTOM PAINT", "2.1.2. CUSTOM PAINT\2.1.2. CUSTOM PAINT.csproj", "{BC899B79-91FC-4200-A01D-DF07C755F6FD}"
EndProject
Project("{FAE04EC0-301F-11D3-BF4B-00C04F79EFBC}") = "2.2.1. GAME", "2.2.1. GAME\2.2.1. GAME.csproj", "{81311E81-9B22-4A9D-A5E1-8EAE2FFA2469}"
EndProject
Global
	GlobalSection(SolutionConfigurationPlatforms) = preSolution
		Debug|Any CPU = Debug|Any CPU
		Release|Any CPU = Release|Any CPU
	EndGlobalSection
	GlobalSection(ProjectConfigurationPlatforms) = postSolution
		{3AB1D8B2-8EC8-4378-910D-2300053A922B}.Debug|Any CPU.ActiveCfg = Debug|Any CPU
		{3AB1D8B2-8EC8-4378-910D-2300053A922B}.Debug|Any CPU.Build.0 = Debug|Any CPU
		{3AB1D8B2-8EC8-4378-910D-2300053A922B}.Release|Any CPU.ActiveCfg = Release|Any CPU
		{3AB1D8B2-8EC8-4378-910D-2300053A922B}.Release|Any CPU.Build.0 = Release|Any CPU
		{BC899B79-91FC-4200-A01D-DF07C755F6FD}.Debug|Any CPU.ActiveCfg = Debug|Any CPU
		{BC899B79-91FC-4200-A01D-DF07C755F6FD}.Debug|Any CPU.Build.0 = Debug|Any CPU
		{BC899B79-91FC-4200-A01D-DF07C755F6FD}.Release|Any CPU.ActiveCfg = Release|Any CPU
		{BC899B79-91FC-4200-A01D-DF07C755F6FD}.Release|Any CPU.Build.0 = Release|Any CPU
		{81311E81-9B22-4A9D-A5E1-8EAE2FFA2469}.Debug|Any CPU.ActiveCfg = Debug|Any CPU
		{81311E81-9B22-4A9D-A5E1-8EAE2FFA2469}.Debug|Any CPU.Build.0 = Debug|Any CPU
		{81311E81-9B22-4A9D-A5E1-8EAE2FFA2469}.Release|Any CPU.ActiveCfg = Release|Any CPU
		{81311E81-9B22-4A9D-A5E1-8EAE2FFA2469}.Release|Any CPU.Build.0 = Release|Any CPU
	EndGlobalSection
	GlobalSection(SolutionProperties) = preSolution
		HideSolutionNode = FALSE
	EndGlobalSection
	GlobalSection(ExtensibilityGlobals) = postSolution
		SolutionGuid = {20392AA7-EA30-40A9-88D0-EBF2CB59B74E}
	EndGlobalSection
EndGlobal
