
Microsoft Visual Studio Solution File, Format Version 12.00
# Visual Studio Version 16
VisualStudioVersion = 16.0.30204.135
MinimumVisualStudioVersion = 10.0.40219.1
Project("{FAE04EC0-301F-11D3-BF4B-00C04F79EFBC}") = "3.2.1. DYNAMIC ARRAY", "3.2.1. DYNAMIC ARRAY\3.2.1. DYNAMIC ARRAY.csproj", "{A3D39147-27F2-472F-A4E8-A564EC60D883}"
EndProject
Project("{FAE04EC0-301F-11D3-BF4B-00C04F79EFBC}") = "3.1.1. WEAKEST LINK", "3.1.1. WEAKEST LINK\3.1.1. WEAKEST LINK.csproj", "{E6A1D339-5B88-4BA4-B670-00B32955EA7F}"
EndProject
Global
	GlobalSection(SolutionConfigurationPlatforms) = preSolution
		Debug|Any CPU = Debug|Any CPU
		Release|Any CPU = Release|Any CPU
	EndGlobalSection
	GlobalSection(ProjectConfigurationPlatforms) = postSolution
		{A3D39147-27F2-472F-A4E8-A564EC60D883}.Debug|Any CPU.ActiveCfg = Debug|Any CPU
		{A3D39147-27F2-472F-A4E8-A564EC60D883}.Debug|Any CPU.Build.0 = Debug|Any CPU
		{A3D39147-27F2-472F-A4E8-A564EC60D883}.Release|Any CPU.ActiveCfg = Release|Any CPU
		{A3D39147-27F2-472F-A4E8-A564EC60D883}.Release|Any CPU.Build.0 = Release|Any CPU
		{E6A1D339-5B88-4BA4-B670-00B32955EA7F}.Debug|Any CPU.ActiveCfg = Debug|Any CPU
		{E6A1D339-5B88-4BA4-B670-00B32955EA7F}.Debug|Any CPU.Build.0 = Debug|Any CPU
		{E6A1D339-5B88-4BA4-B670-00B32955EA7F}.Release|Any CPU.ActiveCfg = Release|Any CPU
		{E6A1D339-5B88-4BA4-B670-00B32955EA7F}.Release|Any CPU.Build.0 = Release|Any CPU
	EndGlobalSection
	GlobalSection(SolutionProperties) = preSolution
		HideSolutionNode = FALSE
	EndGlobalSection
	GlobalSection(ExtensibilityGlobals) = postSolution
		SolutionGuid = {C206EAF5-DEA7-421D-9742-DD400DE29FDE}
	EndGlobalSection
EndGlobal
