
Microsoft Visual Studio Solution File, Format Version 12.00
# Visual Studio 15
VisualStudioVersion = 15.0.28307.136
MinimumVisualStudioVersion = 10.0.40219.1
Project("{FAE04EC0-301F-11D3-BF4B-00C04F79EFBC}") = "1.1.1_RECTANGLE", "1.1.1_RECTANGLE\1.1.1_RECTANGLE.csproj", "{BA183E8F-B821-4AE8-ACEA-2C635987FAE8}"
EndProject
Project("{FAE04EC0-301F-11D3-BF4B-00C04F79EFBC}") = "1.1.10. 2D ARRAY", "1.1.10. 2D ARRAY\1.1.10. 2D ARRAY.csproj", "{E6E94BFB-DC40-4AA3-928F-3EA7963446C8}"
EndProject
Project("{FAE04EC0-301F-11D3-BF4B-00C04F79EFBC}") = "1.1.2_TRIANGLE_", "1.1.2_TRIANGLE_\1.1.2_TRIANGLE_.csproj", "{554FCF95-2A46-46C7-946A-F9A03DBB860E}"
EndProject
Project("{FAE04EC0-301F-11D3-BF4B-00C04F79EFBC}") = "1.1.3_ANOTHER_TRIANGLE_", "1.1.3_ANOTHER_TRIANGLE_\1.1.3_ANOTHER_TRIANGLE_.csproj", "{5A4538A7-9A4F-4C59-B016-FB6CCC44477C}"
EndProject
Project("{FAE04EC0-301F-11D3-BF4B-00C04F79EFBC}") = "1.1.4_X-MAS TREE_", "1.1.4_X-MAS TREE_\1.1.4_X-MAS TREE_.csproj", "{F838F8F4-1CE9-4068-968D-20299ED5C31E}"
EndProject
Project("{FAE04EC0-301F-11D3-BF4B-00C04F79EFBC}") = "1.1.5_SUM_OF_NUMBERS", "1.1.5_SUM_OF_NUMBERS\1.1.5_SUM_OF_NUMBERS.csproj", "{CC1C978C-7098-47D0-8923-2D1530188053}"
EndProject
Project("{FAE04EC0-301F-11D3-BF4B-00C04F79EFBC}") = "1.1.6. FONT ADJUSTMENT", "1.1.6. FONT ADJUSTMENT\1.1.6. FONT ADJUSTMENT.csproj", "{5A3C3ADA-8F62-4ACC-A7EB-BD5340ED26B9}"
EndProject
Project("{FAE04EC0-301F-11D3-BF4B-00C04F79EFBC}") = "1.1.7_ARRAY_PROCESSING", "1.1.7_ARRAY_PROCESSING\1.1.7_ARRAY_PROCESSING.csproj", "{1C3AC60E-0454-44FB-9AE6-1FE9ECF83C1F}"
EndProject
Project("{FAE04EC0-301F-11D3-BF4B-00C04F79EFBC}") = "1.1.8. NO POSITIVE", "1.1.8. NO POSITIVE\1.1.8. NO POSITIVE.csproj", "{B8A1E96D-DA9E-49A9-993B-08E98DA30D95}"
EndProject
Project("{FAE04EC0-301F-11D3-BF4B-00C04F79EFBC}") = "1.1.9. NON-NEGATIVE SUM", "1.1.9. NON-NEGATIVE SUM\1.1.9. NON-NEGATIVE SUM.csproj", "{62DAD27F-C8D9-4E3C-87A6-3FF71FDE6E5B}"
EndProject
Project("{FAE04EC0-301F-11D3-BF4B-00C04F79EFBC}") = "1.2.1. AVERAGES", "1.2.1. AVERAGES\1.2.1. AVERAGES.csproj", "{FCA74F7F-A38B-4B6D-BE44-26A5D3081846}"
EndProject
Project("{FAE04EC0-301F-11D3-BF4B-00C04F79EFBC}") = "1.2.2. DOUBLER", "1.2.2. DOUBLER\1.2.2. DOUBLER.csproj", "{319FA580-841C-4B84-BC06-118FED616CB7}"
EndProject
Project("{FAE04EC0-301F-11D3-BF4B-00C04F79EFBC}") = "1.2.3. LOWERCASE", "1.2.3. LOWERCASE\1.2.3. LOWERCASE.csproj", "{0BD32992-CD87-4E58-A4DC-F82ACDA505B2}"
EndProject
Project("{FAE04EC0-301F-11D3-BF4B-00C04F79EFBC}") = "1.2.4. VALIDATOR", "1.2.4. VALIDATOR\1.2.4. VALIDATOR.csproj", "{E93D2764-0CA9-4C78-B6D7-1D653BEBCFDA}"
EndProject
Global
	GlobalSection(SolutionConfigurationPlatforms) = preSolution
		Debug|Any CPU = Debug|Any CPU
		Release|Any CPU = Release|Any CPU
	EndGlobalSection
	GlobalSection(ProjectConfigurationPlatforms) = postSolution
		{BA183E8F-B821-4AE8-ACEA-2C635987FAE8}.Debug|Any CPU.ActiveCfg = Debug|Any CPU
		{BA183E8F-B821-4AE8-ACEA-2C635987FAE8}.Debug|Any CPU.Build.0 = Debug|Any CPU
		{BA183E8F-B821-4AE8-ACEA-2C635987FAE8}.Release|Any CPU.ActiveCfg = Release|Any CPU
		{BA183E8F-B821-4AE8-ACEA-2C635987FAE8}.Release|Any CPU.Build.0 = Release|Any CPU
		{E6E94BFB-DC40-4AA3-928F-3EA7963446C8}.Debug|Any CPU.ActiveCfg = Debug|Any CPU
		{E6E94BFB-DC40-4AA3-928F-3EA7963446C8}.Debug|Any CPU.Build.0 = Debug|Any CPU
		{E6E94BFB-DC40-4AA3-928F-3EA7963446C8}.Release|Any CPU.ActiveCfg = Release|Any CPU
		{E6E94BFB-DC40-4AA3-928F-3EA7963446C8}.Release|Any CPU.Build.0 = Release|Any CPU
		{554FCF95-2A46-46C7-946A-F9A03DBB860E}.Debug|Any CPU.ActiveCfg = Debug|Any CPU
		{554FCF95-2A46-46C7-946A-F9A03DBB860E}.Debug|Any CPU.Build.0 = Debug|Any CPU
		{554FCF95-2A46-46C7-946A-F9A03DBB860E}.Release|Any CPU.ActiveCfg = Release|Any CPU
		{554FCF95-2A46-46C7-946A-F9A03DBB860E}.Release|Any CPU.Build.0 = Release|Any CPU
		{5A4538A7-9A4F-4C59-B016-FB6CCC44477C}.Debug|Any CPU.ActiveCfg = Debug|Any CPU
		{5A4538A7-9A4F-4C59-B016-FB6CCC44477C}.Debug|Any CPU.Build.0 = Debug|Any CPU
		{5A4538A7-9A4F-4C59-B016-FB6CCC44477C}.Release|Any CPU.ActiveCfg = Release|Any CPU
		{5A4538A7-9A4F-4C59-B016-FB6CCC44477C}.Release|Any CPU.Build.0 = Release|Any CPU
		{F838F8F4-1CE9-4068-968D-20299ED5C31E}.Debug|Any CPU.ActiveCfg = Debug|Any CPU
		{F838F8F4-1CE9-4068-968D-20299ED5C31E}.Debug|Any CPU.Build.0 = Debug|Any CPU
		{F838F8F4-1CE9-4068-968D-20299ED5C31E}.Release|Any CPU.ActiveCfg = Release|Any CPU
		{F838F8F4-1CE9-4068-968D-20299ED5C31E}.Release|Any CPU.Build.0 = Release|Any CPU
		{CC1C978C-7098-47D0-8923-2D1530188053}.Debug|Any CPU.ActiveCfg = Debug|Any CPU
		{CC1C978C-7098-47D0-8923-2D1530188053}.Debug|Any CPU.Build.0 = Debug|Any CPU
		{CC1C978C-7098-47D0-8923-2D1530188053}.Release|Any CPU.ActiveCfg = Release|Any CPU
		{CC1C978C-7098-47D0-8923-2D1530188053}.Release|Any CPU.Build.0 = Release|Any CPU
		{5A3C3ADA-8F62-4ACC-A7EB-BD5340ED26B9}.Debug|Any CPU.ActiveCfg = Debug|Any CPU
		{5A3C3ADA-8F62-4ACC-A7EB-BD5340ED26B9}.Debug|Any CPU.Build.0 = Debug|Any CPU
		{5A3C3ADA-8F62-4ACC-A7EB-BD5340ED26B9}.Release|Any CPU.ActiveCfg = Release|Any CPU
		{5A3C3ADA-8F62-4ACC-A7EB-BD5340ED26B9}.Release|Any CPU.Build.0 = Release|Any CPU
		{1C3AC60E-0454-44FB-9AE6-1FE9ECF83C1F}.Debug|Any CPU.ActiveCfg = Debug|Any CPU
		{1C3AC60E-0454-44FB-9AE6-1FE9ECF83C1F}.Debug|Any CPU.Build.0 = Debug|Any CPU
		{1C3AC60E-0454-44FB-9AE6-1FE9ECF83C1F}.Release|Any CPU.ActiveCfg = Release|Any CPU
		{1C3AC60E-0454-44FB-9AE6-1FE9ECF83C1F}.Release|Any CPU.Build.0 = Release|Any CPU
		{B8A1E96D-DA9E-49A9-993B-08E98DA30D95}.Debug|Any CPU.ActiveCfg = Debug|Any CPU
		{B8A1E96D-DA9E-49A9-993B-08E98DA30D95}.Debug|Any CPU.Build.0 = Debug|Any CPU
		{B8A1E96D-DA9E-49A9-993B-08E98DA30D95}.Release|Any CPU.ActiveCfg = Release|Any CPU
		{B8A1E96D-DA9E-49A9-993B-08E98DA30D95}.Release|Any CPU.Build.0 = Release|Any CPU
		{62DAD27F-C8D9-4E3C-87A6-3FF71FDE6E5B}.Debug|Any CPU.ActiveCfg = Debug|Any CPU
		{62DAD27F-C8D9-4E3C-87A6-3FF71FDE6E5B}.Debug|Any CPU.Build.0 = Debug|Any CPU
		{62DAD27F-C8D9-4E3C-87A6-3FF71FDE6E5B}.Release|Any CPU.ActiveCfg = Release|Any CPU
		{62DAD27F-C8D9-4E3C-87A6-3FF71FDE6E5B}.Release|Any CPU.Build.0 = Release|Any CPU
		{FCA74F7F-A38B-4B6D-BE44-26A5D3081846}.Debug|Any CPU.ActiveCfg = Debug|Any CPU
		{FCA74F7F-A38B-4B6D-BE44-26A5D3081846}.Debug|Any CPU.Build.0 = Debug|Any CPU
		{FCA74F7F-A38B-4B6D-BE44-26A5D3081846}.Release|Any CPU.ActiveCfg = Release|Any CPU
		{FCA74F7F-A38B-4B6D-BE44-26A5D3081846}.Release|Any CPU.Build.0 = Release|Any CPU
		{319FA580-841C-4B84-BC06-118FED616CB7}.Debug|Any CPU.ActiveCfg = Debug|Any CPU
		{319FA580-841C-4B84-BC06-118FED616CB7}.Debug|Any CPU.Build.0 = Debug|Any CPU
		{319FA580-841C-4B84-BC06-118FED616CB7}.Release|Any CPU.ActiveCfg = Release|Any CPU
		{319FA580-841C-4B84-BC06-118FED616CB7}.Release|Any CPU.Build.0 = Release|Any CPU
		{0BD32992-CD87-4E58-A4DC-F82ACDA505B2}.Debug|Any CPU.ActiveCfg = Debug|Any CPU
		{0BD32992-CD87-4E58-A4DC-F82ACDA505B2}.Debug|Any CPU.Build.0 = Debug|Any CPU
		{0BD32992-CD87-4E58-A4DC-F82ACDA505B2}.Release|Any CPU.ActiveCfg = Release|Any CPU
		{0BD32992-CD87-4E58-A4DC-F82ACDA505B2}.Release|Any CPU.Build.0 = Release|Any CPU
		{E93D2764-0CA9-4C78-B6D7-1D653BEBCFDA}.Debug|Any CPU.ActiveCfg = Debug|Any CPU
		{E93D2764-0CA9-4C78-B6D7-1D653BEBCFDA}.Debug|Any CPU.Build.0 = Debug|Any CPU
		{E93D2764-0CA9-4C78-B6D7-1D653BEBCFDA}.Release|Any CPU.ActiveCfg = Release|Any CPU
		{E93D2764-0CA9-4C78-B6D7-1D653BEBCFDA}.Release|Any CPU.Build.0 = Release|Any CPU
	EndGlobalSection
	GlobalSection(SolutionProperties) = preSolution
		HideSolutionNode = FALSE
	EndGlobalSection
	GlobalSection(ExtensibilityGlobals) = postSolution
		SolutionGuid = {67509294-C033-4D12-9EDB-72CBBEA1EAD5}
	EndGlobalSection
EndGlobal
